// !$*UTF8*$!
{
	archiveVersion = 1;
	classes = {
	};
	objectVersion = 50;
	objects = {

/* Begin PBXBuildFile section */
		08E46BBB26C43F39004E6A2E /* AppDelegate.swift in Sources */ = {isa = PBXBuildFile; fileRef = 08E46BBA26C43F39004E6A2E /* AppDelegate.swift */; };
		08E46BBD26C43F39004E6A2E /* SceneDelegate.swift in Sources */ = {isa = PBXBuildFile; fileRef = 08E46BBC26C43F39004E6A2E /* SceneDelegate.swift */; };
		08E46BBF26C43F39004E6A2E /* ViewController.swift in Sources */ = {isa = PBXBuildFile; fileRef = 08E46BBE26C43F39004E6A2E /* ViewController.swift */; };
		08E46BC226C43F39004E6A2E /* Main.storyboard in Resources */ = {isa = PBXBuildFile; fileRef = 08E46BC026C43F39004E6A2E /* Main.storyboard */; };
		08E46BC426C43F3A004E6A2E /* Assets.xcassets in Resources */ = {isa = PBXBuildFile; fileRef = 08E46BC326C43F3A004E6A2E /* Assets.xcassets */; };
		08E46BC726C43F3A004E6A2E /* LaunchScreen.storyboard in Resources */ = {isa = PBXBuildFile; fileRef = 08E46BC526C43F3A004E6A2E /* LaunchScreen.storyboard */; };
/* End PBXBuildFile section */

/* Begin PBXFileReference section */
		08E46BB726C43F39004E6A2E /* Delegate-Protocal Practice.app */ = {isa = PBXFileReference; explicitFileType = wrapper.application; includeInIndex = 0; path = "Delegate-Protocal Practice.app"; sourceTree = BUILT_PRODUCTS_DIR; };
		08E46BBA26C43F39004E6A2E /* AppDelegate.swift */ = {isa = PBXFileReference; lastKnownFileType = sourcecode.swift; path = AppDelegate.swift; sourceTree = "<group>"; };
		08E46BBC26C43F39004E6A2E /* SceneDelegate.swift */ = {isa = PBXFileReference; lastKnownFileType = sourcecode.swift; path = SceneDelegate.swift; sourceTree = "<group>"; };
		08E46BBE26C43F39004E6A2E /* ViewController.swift */ = {isa = PBXFileReference; lastKnownFileType = sourcecode.swift; path = ViewController.swift; sourceTree = "<group>"; };
		08E46BC126C43F39004E6A2E /* Base */ = {isa = PBXFileReference; lastKnownFileType = file.storyboard; name = Base; path = Base.lproj/Main.storyboard; sourceTree = "<group>"; };
		08E46BC326C43F3A004E6A2E /* Assets.xcassets */ = {isa = PBXFileReference; lastKnownFileType = folder.assetcatalog; path = Assets.xcassets; sourceTree = "<group>"; };
		08E46BC626C43F3A004E6A2E /* Base */ = {isa = PBXFileReference; lastKnownFileType = file.storyboard; name = Base; path = Base.lproj/LaunchScreen.storyboard; sourceTree = "<group>"; };
		08E46BC826C43F3A004E6A2E /* Info.plist */ = {isa = PBXFileReference; lastKnownFileType = text.plist.xml; path = Info.plist; sourceTree = "<group>"; };
/* End PBXFileReference section */

/* Begin PBXFrameworksBuildPhase section */
		08E46BB426C43F39004E6A2E /* Frameworks */ = {
			isa = PBXFrameworksBuildPhase;
			buildActionMask = 2147483647;
			files = (
			);
			runOnlyForDeploymentPostprocessing = 0;
		};
/* End PBXFrameworksBuildPhase section */

/* Begin PBXGroup section */
		08E46BAE26C43F39004E6A2E = {
			isa = PBXGroup;
			children = (
				08E46BB926C43F39004E6A2E /* Delegate-Protocal Practice */,
				08E46BB826C43F39004E6A2E /* Products */,
			);
			sourceTree = "<group>";
		};
		08E46BB826C43F39004E6A2E /* Products */ = {
			isa = PBXGroup;
			children = (
				08E46BB726C43F39004E6A2E /* Delegate-Protocal Practice.app */,
			);
			name = Products;
			sourceTree = "<group>";
		};
		08E46BB926C43F39004E6A2E /* Delegate-Protocal Practice */ = {
			isa = PBXGroup;
			children = (
				08E46BBA26C43F39004E6A2E /* AppDelegate.swift */,
				08E46BBC26C43F39004E6A2E /* SceneDelegate.swift */,
				08E46BBE26C43F39004E6A2E /* ViewController.swift */,
				08E46BC026C43F39004E6A2E /* Main.storyboard */,
				08E46BC326C43F3A004E6A2E /* Assets.xcassets */,
				08E46BC526C43F3A004E6A2E /* LaunchScreen.storyboard */,
				08E46BC826C43F3A004E6A2E /* Info.plist */,
			);
			path = "Delegate-Protocal Practice";
			sourceTree = "<group>";
		};
/* End PBXGroup section */

/* Begin PBXNativeTarget section */
		08E46BB626C43F39004E6A2E /* Delegate-Protocal Practice */ = {
			isa = PBXNativeTarget;
			buildConfigurationList = 08E46BCB26C43F3A004E6A2E /* Build configuration list for PBXNativeTarget "Delegate-Protocal Practice" */;
			buildPhases = (
				08E46BB326C43F39004E6A2E /* Sources */,
				08E46BB426C43F39004E6A2E /* Frameworks */,
				08E46BB526C43F39004E6A2E /* Resources */,
			);
			buildRules = (
			);
			dependencies = (
			);
			name = "Delegate-Protocal Practice";
			productName = "Delegate-Protocal Practice";
			productReference = 08E46BB726C43F39004E6A2E /* Delegate-Protocal Practice.app */;
			productType = "com.apple.product-type.application";
		};
/* End PBXNativeTarget section */

/* Begin PBXProject section */
		08E46BAF26C43F39004E6A2E /* Project object */ = {
			isa = PBXProject;
			attributes = {
				LastSwiftUpdateCheck = 1250;
				LastUpgradeCheck = 1250;
				TargetAttributes = {
					08E46BB626C43F39004E6A2E = {
						CreatedOnToolsVersion = 12.5;
					};
				};
			};
			buildConfigurationList = 08E46BB226C43F39004E6A2E /* Build configuration list for PBXProject "Delegate-Protocal Practice" */;
			compatibilityVersion = "Xcode 9.3";
			developmentRegion = en;
			hasScannedForEncodings = 0;
			knownRegions = (
				en,
				Base,
			);
			mainGroup = 08E46BAE26C43F39004E6A2E;
			productRefGroup = 08E46BB826C43F39004E6A2E /* Products */;
			projectDirPath = "";
			projectRoot = "";
			targets = (
				08E46BB626C43F39004E6A2E /* Delegate-Protocal Practice */,
			);
		};
/* End PBXProject section */

/* Begin PBXResourcesBuildPhase section */
		08E46BB526C43F39004E6A2E /* Resources */ = {
			isa = PBXResourcesBuildPhase;
			buildActionMask = 2147483647;
			files = (
				08E46BC726C43F3A004E6A2E /* LaunchScreen.storyboard in Resources */,
				08E46BC426C43F3A004E6A2E /* Assets.xcassets in Resources */,
				08E46BC226C43F39004E6A2E /* Main.storyboard in Resources */,
			);
			runOnlyForDeploymentPostprocessing = 0;
		};
/* End PBXResourcesBuildPhase section */

/* Begin PBXSourcesBuildPhase section */
		08E46BB326C43F39004E6A2E /* Sources */ = {
			isa = PBXSourcesBuildPhase;
			buildActionMask = 2147483647;
			files = (
				08E46BBF26C43F39004E6A2E /* ViewController.swift in Sources */,
				08E46BBB26C43F39004E6A2E /* AppDelegate.swift in Sources */,
				08E46BBD26C43F39004E6A2E /* SceneDelegate.swift in Sources */,
			);
			runOnlyForDeploymentPostprocessing = 0;
		};
/* End PBXSourcesBuildPhase section */

/* Begin PBXVariantGroup section */
		08E46BC026C43F39004E6A2E /* Main.storyboard */ = {
			isa = PBXVariantGroup;
			children = (
				08E46BC126C43F39004E6A2E /* Base */,
			);
			name = Main.storyboard;
			sourceTree = "<group>";
		};
		08E46BC526C43F3A004E6A2E /* LaunchScreen.storyboard */ = {
			isa = PBXVariantGroup;
			children = (
				08E46BC626C43F3A004E6A2E /* Base */,
			);
			name = LaunchScreen.storyboard;
			sourceTree = "<group>";
		};
/* End PBXVariantGroup section */

/* Begin XCBuildConfiguration section */
		08E46BC926C43F3A004E6A2E /* Debug */ = {
			isa = XCBuildConfiguration;
			buildSettings = {
				ALWAYS_SEARCH_USER_PATHS = NO;
				CLANG_ANALYZER_NONNULL = YES;
				CLANG_ANALYZER_NUMBER_OBJECT_CONVERSION = YES_AGGRESSIVE;
				CLANG_CXX_LANGUAGE_STANDARD = "gnu++14";
				CLANG_CXX_LIBRARY = "libc++";
				CLANG_ENABLE_MODULES = YES;
				CLANG_ENABLE_OBJC_ARC = YES;
				CLANG_ENABLE_OBJC_WEAK = YES;
				CLANG_WARN_BLOCK_CAPTURE_AUTORELEASING = YES;
				CLANG_WARN_BOOL_CONVERSION = YES;
				CLANG_WARN_COMMA = YES;
				CLANG_WARN_CONSTANT_CONVERSION = YES;
				CLANG_WARN_DEPRECATED_OBJC_IMPLEMENTATIONS = YES;
				CLANG_WARN_DIRECT_OBJC_ISA_USAGE = YES_ERROR;
				CLANG_WARN_DOCUMENTATION_COMMENTS = YES;
				CLANG_WARN_EMPTY_BODY = YES;
				CLANG_WARN_ENUM_CONVERSION = YES;
				CLANG_WARN_INFINITE_RECURSION = YES;
				CLANG_WARN_INT_CONVERSION = YES;
				CLANG_WARN_NON_LITERAL_NULL_CONVERSION = YES;
				CLANG_WARN_OBJC_IMPLICIT_RETAIN_SELF = YES;
				CLANG_WARN_OBJC_LITERAL_CONVERSION = YES;
				CLANG_WARN_OBJC_ROOT_CLASS = YES_ERROR;
				CLANG_WARN_QUOTED_INCLUDE_IN_FRAMEWORK_HEADER = YES;
				CLANG_WARN_RANGE_LOOP_ANALYSIS = YES;
				CLANG_WARN_STRICT_PROTOTYPES = YES;
				CLANG_WARN_SUSPICIOUS_MOVE = YES;
				CLANG_WARN_UNGUARDED_AVAILABILITY = YES_AGGRESSIVE;
				CLANG_WARN_UNREACHABLE_CODE = YES;
				CLANG_WARN__DUPLICATE_METHOD_MATCH = YES;
				COPY_PHASE_STRIP = NO;
				DEBUG_INFORMATION_FORMAT = dwarf;
				ENABLE_STRICT_OBJC_MSGSEND = YES;
				ENABLE_TESTABILITY = YES;
				GCC_C_LANGUAGE_STANDARD = gnu11;
				GCC_DYNAMIC_NO_PIC = NO;
				GCC_NO_COMMON_BLOCKS = YES;
				GCC_OPTIMIZATION_LEVEL = 0;
				GCC_PREPROCESSOR_DEFINITIONS = (
					"DEBUG=1",
					"$(inherited)",
				);
				GCC_WARN_64_TO_32_BIT_CONVERSION = YES;
				GCC_WARN_ABOUT_RETURN_TYPE = YES_ERROR;
				GCC_WARN_UNDECLARED_SELECTOR = YES;
				GCC_WARN_UNINITIALIZED_AUTOS = YES_AGGRESSIVE;
				GCC_WARN_UNUSED_FUNCTION = YES;
				GCC_WARN_UNUSED_VARIABLE = YES;
				IPHONEOS_DEPLOYMENT_TARGET = 14.5;
				MTL_ENABLE_DEBUG_INFO = INCLUDE_SOURCE;
				MTL_FAST_MATH = YES;
				ONLY_ACTIVE_ARCH = YES;
				SDKROOT = iphoneos;
				SWIFT_ACTIVE_COMPILATION_CONDITIONS = DEBUG;
				SWIFT_OPTIMIZATION_LEVEL = "-Onone";
			};
			name = Debug;
		};
		08E46BCA26C43F3A004E6A2E /* Release */ = {
			isa = XCBuildConfiguration;
			buildSettings = {
				ALWAYS_SEARCH_USER_PATHS = NO;
				CLANG_ANALYZER_NONNULL = YES;
				CLANG_ANALYZER_NUMBER_OBJECT_CONVERSION = YES_AGGRESSIVE;
				CLANG_CXX_LANGUAGE_STANDARD = "gnu++14";
				CLANG_CXX_LIBRARY = "libc++";
				CLANG_ENABLE_MODULES = YES;
				CLANG_ENABLE_OBJC_ARC = YES;
				CLANG_ENABLE_OBJC_WEAK = YES;
				CLANG_WARN_BLOCK_CAPTURE_AUTORELEASING = YES;
				CLANG_WARN_BOOL_CONVERSION = YES;
				CLANG_WARN_COMMA = YES;
				CLANG_WARN_CONSTANT_CONVERSION = YES;
				CLANG_WARN_DEPRECATED_OBJC_IMPLEMENTATIONS = YES;
				CLANG_WARN_DIRECT_OBJC_ISA_USAGE = YES_ERROR;
				CLANG_WARN_DOCUMENTATION_COMMENTS = YES;
				CLANG_WARN_EMPTY_BODY = YES;
				CLANG_WARN_ENUM_CONVERSION = YES;
				CLANG_WARN_INFINITE_RECURSION = YES;
				CLANG_WARN_INT_CONVERSION = YES;
				CLANG_WARN_NON_LITERAL_NULL_CONVERSION = YES;
				CLANG_WARN_OBJC_IMPLICIT_RETAIN_SELF = YES;
				CLANG_WARN_OBJC_LITERAL_CONVERSION = YES;
				CLANG_WARN_OBJC_ROOT_CLASS = YES_ERROR;
				CLANG_WARN_QUOTED_INCLUDE_IN_FRAMEWORK_HEADER = YES;
				CLANG_WARN_RANGE_LOOP_ANALYSIS = YES;
				CLANG_WARN_STRICT_PROTOTYPES = YES;
				CLANG_WARN_SUSPICIOUS_MOVE = YES;
				CLANG_WARN_UNGUARDED_AVAILABILITY = YES_AGGRESSIVE;
				CLANG_WARN_UNREACHABLE_CODE = YES;
				CLANG_WARN__DUPLICATE_METHOD_MATCH = YES;
				COPY_PHASE_STRIP = NO;
				DEBUG_INFORMATION_FORMAT = "dwarf-with-dsym";
				ENABLE_NS_ASSERTIONS = NO;
				ENABLE_STRICT_OBJC_MSGSEND = YES;
				GCC_C_LANGUAGE_STANDARD = gnu11;
				GCC_NO_COMMON_BLOCKS = YES;
				GCC_WARN_64_TO_32_BIT_CONVERSION = YES;
				GCC_WARN_ABOUT_RETURN_TYPE = YES_ERROR;
				GCC_WARN_UNDECLARED_SELECTOR = YES;
				GCC_WARN_UNINITIALIZED_AUTOS = YES_AGGRESSIVE;
				GCC_WARN_UNUSED_FUNCTION = YES;
				GCC_WARN_UNUSED_VARIABLE = YES;
				IPHONEOS_DEPLOYMENT_TARGET = 14.5;
				MTL_ENABLE_DEBUG_INFO = NO;
				MTL_FAST_MATH = YES;
				SDKROOT = iphoneos;
				SWIFT_COMPILATION_MODE = wholemodule;
				SWIFT_OPTIMIZATION_LEVEL = "-O";
				VALIDATE_PRODUCT = YES;
			};
			name = Release;
		};
		08E46BCC26C43F3A004E6A2E /* Debug */ = {
			isa = XCBuildConfiguration;
			buildSettings = {
				ASSETCATALOG_COMPILER_APPICON_NAME = AppIcon;
				ASSETCATALOG_COMPILER_GLOBAL_ACCENT_COLOR_NAME = AccentColor;
				CODE_SIGN_STYLE = Automatic;
				DEVELOPMENT_TEAM = S8F5YNFL7X;
				INFOPLIST_FILE = "Delegate-Protocal Practice/Info.plist";
				LD_RUNPATH_SEARCH_PATHS = (
					"$(inherited)",
					"@executable_path/Frameworks",
				);
				PRODUCT_BUNDLE_IDENTIFIER = "com.wlawsonkelly.Delegate-Protocal-Practice";
				PRODUCT_NAME = "$(TARGET_NAME)";
				SWIFT_VERSION = 5.0;
				TARGETED_DEVICE_FAMILY = "1,2";
			};
			name = Debug;
		};
		08E46BCD26C43F3A004E6A2E /* Release */ = {
			isa = XCBuildConfiguration;
			buildSettings = {
				ASSETCATALOG_COMPILER_APPICON_NAME = AppIcon;
				ASSETCATALOG_COMPILER_GLOBAL_ACCENT_COLOR_NAME = AccentColor;
				CODE_SIGN_STYLE = Automatic;
				DEVELOPMENT_TEAM = S8F5YNFL7X;
				INFOPLIST_FILE = "Delegate-Protocal Practice/Info.plist";
				LD_RUNPATH_SEARCH_PATHS = (
					"$(inherited)",
					"@executable_path/Frameworks",
				);
				PRODUCT_BUNDLE_IDENTIFIER = "com.wlawsonkelly.Delegate-Protocal-Practice";
				PRODUCT_NAME = "$(TARGET_NAME)";
				SWIFT_VERSION = 5.0;
				TARGETED_DEVICE_FAMILY = "1,2";
			};
			name = Release;
		};
/* End XCBuildConfiguration section */

/* Begin XCConfigurationList section */
		08E46BB226C43F39004E6A2E /* Build configuration list for PBXProject "Delegate-Protocal Practice" */ = {
			isa = XCConfigurationList;
			buildConfigurations = (
				08E46BC926C43F3A004E6A2E /* Debug */,
				08E46BCA26C43F3A004E6A2E /* Release */,
			);
			defaultConfigurationIsVisible = 0;
			defaultConfigurationName = Release;
		};
		08E46BCB26C43F3A004E6A2E /* Build configuration list for PBXNativeTarget "Delegate-Protocal Practice" */ = {
			isa = XCConfigurationList;
			buildConfigurations = (
				08E46BCC26C43F3A004E6A2E /* Debug */,
				08E46BCD26C43F3A004E6A2E /* Release */,
			);
			defaultConfigurationIsVisible = 0;
			defaultConfigurationName = Release;
		};
/* End XCConfigurationList section */
	};
	rootObject = 08E46BAF26C43F39004E6A2E /* Project object */;
}
